
Microsoft Visual Studio Solution File, Format Version 12.00
# Visual Studio Version 17
VisualStudioVersion = 17.13.35825.156 d17.13
MinimumVisualStudioVersion = 10.0.40219.1
Project("{FAE04EC0-301F-11D3-BF4B-00C04F79EFBC}") = "SyncfusionTest", "SyncfusionTest.csproj", "{D06E0FB0-A8C9-4C3F-84E7-0EB312F178F3}"
EndProject
Global
	GlobalSection(SolutionConfigurationPlatforms) = preSolution
		Debug|Any CPU = Debug|Any CPU
		Release|Any CPU = Release|Any CPU
	EndGlobalSection
	GlobalSection(ProjectConfigurationPlatforms) = postSolution
		{D06E0FB0-A8C9-4C3F-84E7-0EB312F178F3}.Debug|Any CPU.ActiveCfg = Debug|Any CPU
		{D06E0FB0-A8C9-4C3F-84E7-0EB312F178F3}.Debug|Any CPU.Build.0 = Debug|Any CPU
		{D06E0FB0-A8C9-4C3F-84E7-0EB312F178F3}.Release|Any CPU.ActiveCfg = Release|Any CPU
		{D06E0FB0-A8C9-4C3F-84E7-0EB312F178F3}.Release|Any CPU.Build.0 = Release|Any CPU
	EndGlobalSection
	GlobalSection(SolutionProperties) = preSolution
		HideSolutionNode = FALSE
	EndGlobalSection
	GlobalSection(ExtensibilityGlobals) = postSolution
		SolutionGuid = {394D4BA0-6ABF-44D9-ABB2-06C26E3BA8F7}
	EndGlobalSection
EndGlobal
